
Microsoft Visual Studio Solution File, Format Version 12.00
# Visual Studio Version 16
VisualStudioVersion = 16.0.30804.86
MinimumVisualStudioVersion = 10.0.40219.1
Project("{9A19103F-16F7-4668-BE54-9A1E7A4F7556}") = "BnE.EducationVest.API", "BnE.EducationVest\BnE.EducationVest.API.csproj", "{4716E6A6-C040-48D0-A28C-8E7984C0DE57}"
EndProject
Project("{9A19103F-16F7-4668-BE54-9A1E7A4F7556}") = "BnE.EducationVest.Application", "BnE.EducationVest.Application\BnE.EducationVest.Application.csproj", "{1AD1CAB6-49A3-4F7D-9795-481226E26B2A}"
EndProject
Project("{9A19103F-16F7-4668-BE54-9A1E7A4F7556}") = "BnE.EducationVest.Domain", "BnE.EducationVest.Domain\BnE.EducationVest.Domain.csproj", "{0139BCD4-25EF-4D66-B692-CFB83EF64D59}"
EndProject
Project("{9A19103F-16F7-4668-BE54-9A1E7A4F7556}") = "BnE.EducationVest.Infra.Service", "BnE.EducationVest.Infra.Service\BnE.EducationVest.Infra.Service.csproj", "{2D1CBFA4-877D-457D-ACD9-C9A425B17B45}"
EndProject
Project("{9A19103F-16F7-4668-BE54-9A1E7A4F7556}") = "BnE.EducationVest.DI", "BnE.EducationVest.DI\BnE.EducationVest.DI.csproj", "{AE7A4749-2C03-4E77-B4DC-CFFC5206E141}"
EndProject
Project("{9A19103F-16F7-4668-BE54-9A1E7A4F7556}") = "BnE.EducationVest.Infra.Data", "BnE.EducationVest.Infra.Data\BnE.EducationVest.Infra.Data.csproj", "{1A7C2BC2-9F77-4203-9E2A-80C4651D7B36}"
	ProjectSection(ProjectDependencies) = postProject
		{0139BCD4-25EF-4D66-B692-CFB83EF64D59} = {0139BCD4-25EF-4D66-B692-CFB83EF64D59}
	EndProjectSection
EndProject
Project("{FAE04EC0-301F-11D3-BF4B-00C04F79EFBC}") = "BnE.EducationVest.Test", "BnE.EducationVest.Test\BnE.EducationVest.Test.csproj", "{C7CAF836-A3BE-4C2A-B696-5563E266D143}"
EndProject
Global
	GlobalSection(SolutionConfigurationPlatforms) = preSolution
		Debug|Any CPU = Debug|Any CPU
		Release|Any CPU = Release|Any CPU
	EndGlobalSection
	GlobalSection(ProjectConfigurationPlatforms) = postSolution
		{4716E6A6-C040-48D0-A28C-8E7984C0DE57}.Debug|Any CPU.ActiveCfg = Debug|Any CPU
		{4716E6A6-C040-48D0-A28C-8E7984C0DE57}.Debug|Any CPU.Build.0 = Debug|Any CPU
		{4716E6A6-C040-48D0-A28C-8E7984C0DE57}.Release|Any CPU.ActiveCfg = Release|Any CPU
		{4716E6A6-C040-48D0-A28C-8E7984C0DE57}.Release|Any CPU.Build.0 = Release|Any CPU
		{1AD1CAB6-49A3-4F7D-9795-481226E26B2A}.Debug|Any CPU.ActiveCfg = Debug|Any CPU
		{1AD1CAB6-49A3-4F7D-9795-481226E26B2A}.Debug|Any CPU.Build.0 = Debug|Any CPU
		{1AD1CAB6-49A3-4F7D-9795-481226E26B2A}.Release|Any CPU.ActiveCfg = Release|Any CPU
		{1AD1CAB6-49A3-4F7D-9795-481226E26B2A}.Release|Any CPU.Build.0 = Release|Any CPU
		{0139BCD4-25EF-4D66-B692-CFB83EF64D59}.Debug|Any CPU.ActiveCfg = Debug|Any CPU
		{0139BCD4-25EF-4D66-B692-CFB83EF64D59}.Debug|Any CPU.Build.0 = Debug|Any CPU
		{0139BCD4-25EF-4D66-B692-CFB83EF64D59}.Release|Any CPU.ActiveCfg = Release|Any CPU
		{0139BCD4-25EF-4D66-B692-CFB83EF64D59}.Release|Any CPU.Build.0 = Release|Any CPU
		{2D1CBFA4-877D-457D-ACD9-C9A425B17B45}.Debug|Any CPU.ActiveCfg = Debug|Any CPU
		{2D1CBFA4-877D-457D-ACD9-C9A425B17B45}.Debug|Any CPU.Build.0 = Debug|Any CPU
		{2D1CBFA4-877D-457D-ACD9-C9A425B17B45}.Release|Any CPU.ActiveCfg = Release|Any CPU
		{2D1CBFA4-877D-457D-ACD9-C9A425B17B45}.Release|Any CPU.Build.0 = Release|Any CPU
		{AE7A4749-2C03-4E77-B4DC-CFFC5206E141}.Debug|Any CPU.ActiveCfg = Debug|Any CPU
		{AE7A4749-2C03-4E77-B4DC-CFFC5206E141}.Debug|Any CPU.Build.0 = Debug|Any CPU
		{AE7A4749-2C03-4E77-B4DC-CFFC5206E141}.Release|Any CPU.ActiveCfg = Release|Any CPU
		{AE7A4749-2C03-4E77-B4DC-CFFC5206E141}.Release|Any CPU.Build.0 = Release|Any CPU
		{1A7C2BC2-9F77-4203-9E2A-80C4651D7B36}.Debug|Any CPU.ActiveCfg = Debug|Any CPU
		{1A7C2BC2-9F77-4203-9E2A-80C4651D7B36}.Debug|Any CPU.Build.0 = Debug|Any CPU
		{1A7C2BC2-9F77-4203-9E2A-80C4651D7B36}.Release|Any CPU.ActiveCfg = Release|Any CPU
		{1A7C2BC2-9F77-4203-9E2A-80C4651D7B36}.Release|Any CPU.Build.0 = Release|Any CPU
		{C7CAF836-A3BE-4C2A-B696-5563E266D143}.Debug|Any CPU.ActiveCfg = Debug|Any CPU
		{C7CAF836-A3BE-4C2A-B696-5563E266D143}.Debug|Any CPU.Build.0 = Debug|Any CPU
		{C7CAF836-A3BE-4C2A-B696-5563E266D143}.Release|Any CPU.ActiveCfg = Release|Any CPU
		{C7CAF836-A3BE-4C2A-B696-5563E266D143}.Release|Any CPU.Build.0 = Release|Any CPU
	EndGlobalSection
	GlobalSection(SolutionProperties) = preSolution
		HideSolutionNode = FALSE
	EndGlobalSection
	GlobalSection(ExtensibilityGlobals) = postSolution
		SolutionGuid = {C9A4C6B8-4C92-45A2-A8FE-3134C01EEA56}
	EndGlobalSection
EndGlobal
